// !$*UTF8*$!
{
	archiveVersion = 1;
	classes = {
	};
	objectVersion = 46;
	objects = {

/* Begin PBXBuildFile section */
		88145C96190DB60A00780BB1 /* Foundation.framework in Frameworks */ = {isa = PBXBuildFile; fileRef = 88145C95190DB60A00780BB1 /* Foundation.framework */; };
		88145C98190DB60A00780BB1 /* CoreGraphics.framework in Frameworks */ = {isa = PBXBuildFile; fileRef = 88145C97190DB60A00780BB1 /* CoreGraphics.framework */; };
		88145C9A190DB60A00780BB1 /* UIKit.framework in Frameworks */ = {isa = PBXBuildFile; fileRef = 88145C99190DB60A00780BB1 /* UIKit.framework */; };
		88145C9C190DB60A00780BB1 /* CoreData.framework in Frameworks */ = {isa = PBXBuildFile; fileRef = 88145C9B190DB60A00780BB1 /* CoreData.framework */; };
		88145CA2190DB60A00780BB1 /* InfoPlist.strings in Resources */ = {isa = PBXBuildFile; fileRef = 88145CA0190DB60A00780BB1 /* InfoPlist.strings */; };
		88145CA4190DB60A00780BB1 /* main.m in Sources */ = {isa = PBXBuildFile; fileRef = 88145CA3190DB60A00780BB1 /* main.m */; };
		88145CA8190DB60A00780BB1 /* AppDelegate.m in Sources */ = {isa = PBXBuildFile; fileRef = 88145CA7190DB60A00780BB1 /* AppDelegate.m */; };
		88145CAB190DB60A00780BB1 /* FindMolarMass.xcdatamodeld in Sources */ = {isa = PBXBuildFile; fileRef = 88145CA9190DB60A00780BB1 /* FindMolarMass.xcdatamodeld */; };
		88145CAD190DB60A00780BB1 /* Images.xcassets in Resources */ = {isa = PBXBuildFile; fileRef = 88145CAC190DB60A00780BB1 /* Images.xcassets */; };
		88145CB4190DB60A00780BB1 /* XCTest.framework in Frameworks */ = {isa = PBXBuildFile; fileRef = 88145CB3190DB60A00780BB1 /* XCTest.framework */; };
		88145CB5190DB60A00780BB1 /* Foundation.framework in Frameworks */ = {isa = PBXBuildFile; fileRef = 88145C95190DB60A00780BB1 /* Foundation.framework */; };
		88145CB6190DB60A00780BB1 /* UIKit.framework in Frameworks */ = {isa = PBXBuildFile; fileRef = 88145C99190DB60A00780BB1 /* UIKit.framework */; };
		88145CB7190DB60A00780BB1 /* CoreData.framework in Frameworks */ = {isa = PBXBuildFile; fileRef = 88145C9B190DB60A00780BB1 /* CoreData.framework */; };
		88145CBF190DB60A00780BB1 /* InfoPlist.strings in Resources */ = {isa = PBXBuildFile; fileRef = 88145CBD190DB60A00780BB1 /* InfoPlist.strings */; };
		88145CC1190DB60A00780BB1 /* FindMolarMassTests.m in Sources */ = {isa = PBXBuildFile; fileRef = 88145CC0190DB60A00780BB1 /* FindMolarMassTests.m */; };
		88145CCB190DB65200780BB1 /* Storyboard.storyboard in Resources */ = {isa = PBXBuildFile; fileRef = 88145CCA190DB65200780BB1 /* Storyboard.storyboard */; };
		88145CCE190DB68100780BB1 /* ElementsTableViewController.m in Sources */ = {isa = PBXBuildFile; fileRef = 88145CCD190DB68100780BB1 /* ElementsTableViewController.m */; };
/* End PBXBuildFile section */

/* Begin PBXContainerItemProxy section */
		88145CB8190DB60A00780BB1 /* PBXContainerItemProxy */ = {
			isa = PBXContainerItemProxy;
			containerPortal = 88145C8A190DB60A00780BB1 /* Project object */;
			proxyType = 1;
			remoteGlobalIDString = 88145C91190DB60A00780BB1;
			remoteInfo = FindMolarMass;
		};
/* End PBXContainerItemProxy section */

/* Begin PBXFileReference section */
		88145C92190DB60A00780BB1 /* FindMolarMass.app */ = {isa = PBXFileReference; explicitFileType = wrapper.application; includeInIndex = 0; path = FindMolarMass.app; sourceTree = BUILT_PRODUCTS_DIR; };
		88145C95190DB60A00780BB1 /* Foundation.framework */ = {isa = PBXFileReference; lastKnownFileType = wrapper.framework; name = Foundation.framework; path = System/Library/Frameworks/Foundation.framework; sourceTree = SDKROOT; };
		88145C97190DB60A00780BB1 /* CoreGraphics.framework */ = {isa = PBXFileReference; lastKnownFileType = wrapper.framework; name = CoreGraphics.framework; path = System/Library/Frameworks/CoreGraphics.framework; sourceTree = SDKROOT; };
		88145C99190DB60A00780BB1 /* UIKit.framework */ = {isa = PBXFileReference; lastKnownFileType = wrapper.framework; name = UIKit.framework; path = System/Library/Frameworks/UIKit.framework; sourceTree = SDKROOT; };
		88145C9B190DB60A00780BB1 /* CoreData.framework */ = {isa = PBXFileReference; lastKnownFileType = wrapper.framework; name = CoreData.framework; path = System/Library/Frameworks/CoreData.framework; sourceTree = SDKROOT; };
		88145C9F190DB60A00780BB1 /* FindMolarMass-Info.plist */ = {isa = PBXFileReference; lastKnownFileType = text.plist.xml; path = "FindMolarMass-Info.plist"; sourceTree = "<group>"; };
		88145CA1190DB60A00780BB1 /* en */ = {isa = PBXFileReference; lastKnownFileType = text.plist.strings; name = en; path = en.lproj/InfoPlist.strings; sourceTree = "<group>"; };
		88145CA3190DB60A00780BB1 /* main.m */ = {isa = PBXFileReference; lastKnownFileType = sourcecode.c.objc; path = main.m; sourceTree = "<group>"; };
		88145CA5190DB60A00780BB1 /* FindMolarMass-Prefix.pch */ = {isa = PBXFileReference; lastKnownFileType = sourcecode.c.h; path = "FindMolarMass-Prefix.pch"; sourceTree = "<group>"; };
		88145CA6190DB60A00780BB1 /* AppDelegate.h */ = {isa = PBXFileReference; lastKnownFileType = sourcecode.c.h; path = AppDelegate.h; sourceTree = "<group>"; };
		88145CA7190DB60A00780BB1 /* AppDelegate.m */ = {isa = PBXFileReference; lastKnownFileType = sourcecode.c.objc; path = AppDelegate.m; sourceTree = "<group>"; };
		88145CAA190DB60A00780BB1 /* FindMolarMass.xcdatamodel */ = {isa = PBXFileReference; lastKnownFileType = wrapper.xcdatamodel; path = FindMolarMass.xcdatamodel; sourceTree = "<group>"; };
		88145CAC190DB60A00780BB1 /* Images.xcassets */ = {isa = PBXFileReference; lastKnownFileType = folder.assetcatalog; path = Images.xcassets; sourceTree = "<group>"; };
		88145CB2190DB60A00780BB1 /* FindMolarMassTests.xctest */ = {isa = PBXFileReference; explicitFileType = wrapper.cfbundle; includeInIndex = 0; path = FindMolarMassTests.xctest; sourceTree = BUILT_PRODUCTS_DIR; };
		88145CB3190DB60A00780BB1 /* XCTest.framework */ = {isa = PBXFileReference; lastKnownFileType = wrapper.framework; name = XCTest.framework; path = Library/Frameworks/XCTest.framework; sourceTree = DEVELOPER_DIR; };
		88145CBC190DB60A00780BB1 /* FindMolarMassTests-Info.plist */ = {isa = PBXFileReference; lastKnownFileType = text.plist.xml; path = "FindMolarMassTests-Info.plist"; sourceTree = "<group>"; };
		88145CBE190DB60A00780BB1 /* en */ = {isa = PBXFileReference; lastKnownFileType = text.plist.strings; name = en; path = en.lproj/InfoPlist.strings; sourceTree = "<group>"; };
		88145CC0190DB60A00780BB1 /* FindMolarMassTests.m */ = {isa = PBXFileReference; lastKnownFileType = sourcecode.c.objc; path = FindMolarMassTests.m; sourceTree = "<group>"; };
		88145CCA190DB65200780BB1 /* Storyboard.storyboard */ = {isa = PBXFileReference; fileEncoding = 4; lastKnownFileType = file.storyboard; path = Storyboard.storyboard; sourceTree = "<group>"; };
		88145CCC190DB68100780BB1 /* ElementsTableViewController.h */ = {isa = PBXFileReference; fileEncoding = 4; lastKnownFileType = sourcecode.c.h; path = ElementsTableViewController.h; sourceTree = "<group>"; };
		88145CCD190DB68100780BB1 /* ElementsTableViewController.m */ = {isa = PBXFileReference; fileEncoding = 4; lastKnownFileType = sourcecode.c.objc; path = ElementsTableViewController.m; sourceTree = "<group>"; };
/* End PBXFileReference section */

/* Begin PBXFrameworksBuildPhase section */
		88145C8F190DB60A00780BB1 /* Frameworks */ = {
			isa = PBXFrameworksBuildPhase;
			buildActionMask = 2147483647;
			files = (
				88145C98190DB60A00780BB1 /* CoreGraphics.framework in Frameworks */,
				88145C9C190DB60A00780BB1 /* CoreData.framework in Frameworks */,
				88145C9A190DB60A00780BB1 /* UIKit.framework in Frameworks */,
				88145C96190DB60A00780BB1 /* Foundation.framework in Frameworks */,
			);
			runOnlyForDeploymentPostprocessing = 0;
		};
		88145CAF190DB60A00780BB1 /* Frameworks */ = {
			isa = PBXFrameworksBuildPhase;
			buildActionMask = 2147483647;
			files = (
				88145CB4190DB60A00780BB1 /* XCTest.framework in Frameworks */,
				88145CB7190DB60A00780BB1 /* CoreData.framework in Frameworks */,
				88145CB6190DB60A00780BB1 /* UIKit.framework in Frameworks */,
				88145CB5190DB60A00780BB1 /* Foundation.framework in Frameworks */,
			);
			runOnlyForDeploymentPostprocessing = 0;
		};
/* End PBXFrameworksBuildPhase section */

/* Begin PBXGroup section */
		88145C89190DB60A00780BB1 = {
			isa = PBXGroup;
			children = (
				88145C9D190DB60A00780BB1 /* FindMolarMass */,
				88145CBA190DB60A00780BB1 /* FindMolarMassTests */,
				88145C94190DB60A00780BB1 /* Frameworks */,
				88145C93190DB60A00780BB1 /* Products */,
			);
			sourceTree = "<group>";
		};
		88145C93190DB60A00780BB1 /* Products */ = {
			isa = PBXGroup;
			children = (
				88145C92190DB60A00780BB1 /* FindMolarMass.app */,
				88145CB2190DB60A00780BB1 /* FindMolarMassTests.xctest */,
			);
			name = Products;
			sourceTree = "<group>";
		};
		88145C94190DB60A00780BB1 /* Frameworks */ = {
			isa = PBXGroup;
			children = (
				88145C95190DB60A00780BB1 /* Foundation.framework */,
				88145C97190DB60A00780BB1 /* CoreGraphics.framework */,
				88145C99190DB60A00780BB1 /* UIKit.framework */,
				88145C9B190DB60A00780BB1 /* CoreData.framework */,
				88145CB3190DB60A00780BB1 /* XCTest.framework */,
			);
			name = Frameworks;
			sourceTree = "<group>";
		};
		88145C9D190DB60A00780BB1 /* FindMolarMass */ = {
			isa = PBXGroup;
			children = (
				88145CA6190DB60A00780BB1 /* AppDelegate.h */,
				88145CA7190DB60A00780BB1 /* AppDelegate.m */,
				88145CCC190DB68100780BB1 /* ElementsTableViewController.h */,
				88145CCD190DB68100780BB1 /* ElementsTableViewController.m */,
				88145CCA190DB65200780BB1 /* Storyboard.storyboard */,
				88145CAC190DB60A00780BB1 /* Images.xcassets */,
				88145CA9190DB60A00780BB1 /* FindMolarMass.xcdatamodeld */,
				88145C9E190DB60A00780BB1 /* Supporting Files */,
			);
			path = FindMolarMass;
			sourceTree = "<group>";
		};
		88145C9E190DB60A00780BB1 /* Supporting Files */ = {
			isa = PBXGroup;
			children = (
				88145C9F190DB60A00780BB1 /* FindMolarMass-Info.plist */,
				88145CA0190DB60A00780BB1 /* InfoPlist.strings */,
				88145CA3190DB60A00780BB1 /* main.m */,
				88145CA5190DB60A00780BB1 /* FindMolarMass-Prefix.pch */,
			);
			name = "Supporting Files";
			sourceTree = "<group>";
		};
		88145CBA190DB60A00780BB1 /* FindMolarMassTests */ = {
			isa = PBXGroup;
			children = (
				88145CC0190DB60A00780BB1 /* FindMolarMassTests.m */,
				88145CBB190DB60A00780BB1 /* Supporting Files */,
			);
			path = FindMolarMassTests;
			sourceTree = "<group>";
		};
		88145CBB190DB60A00780BB1 /* Supporting Files */ = {
			isa = PBXGroup;
			children = (
				88145CBC190DB60A00780BB1 /* FindMolarMassTests-Info.plist */,
				88145CBD190DB60A00780BB1 /* InfoPlist.strings */,
			);
			name = "Supporting Files";
			sourceTree = "<group>";
		};
/* End PBXGroup section */

/* Begin PBXNativeTarget section */
		88145C91190DB60A00780BB1 /* FindMolarMass */ = {
			isa = PBXNativeTarget;
			buildConfigurationList = 88145CC4190DB60A00780BB1 /* Build configuration list for PBXNativeTarget "FindMolarMass" */;
			buildPhases = (
				88145C8E190DB60A00780BB1 /* Sources */,
				88145C8F190DB60A00780BB1 /* Frameworks */,
				88145C90190DB60A00780BB1 /* Resources */,
			);
			buildRules = (
			);
			dependencies = (
			);
			name = FindMolarMass;
			productName = FindMolarMass;
			productReference = 88145C92190DB60A00780BB1 /* FindMolarMass.app */;
			productType = "com.apple.product-type.application";
		};
		88145CB1190DB60A00780BB1 /* FindMolarMassTests */ = {
			isa = PBXNativeTarget;
			buildConfigurationList = 88145CC7190DB60A00780BB1 /* Build configuration list for PBXNativeTarget "FindMolarMassTests" */;
			buildPhases = (
				88145CAE190DB60A00780BB1 /* Sources */,
				88145CAF190DB60A00780BB1 /* Frameworks */,
				88145CB0190DB60A00780BB1 /* Resources */,
			);
			buildRules = (
			);
			dependencies = (
				88145CB9190DB60A00780BB1 /* PBXTargetDependency */,
			);
			name = FindMolarMassTests;
			productName = FindMolarMassTests;
			productReference = 88145CB2190DB60A00780BB1 /* FindMolarMassTests.xctest */;
			productType = "com.apple.product-type.bundle.unit-test";
		};
/* End PBXNativeTarget section */

/* Begin PBXProject section */
		88145C8A190DB60A00780BB1 /* Project object */ = {
			isa = PBXProject;
			attributes = {
				LastUpgradeCheck = 0510;
				ORGANIZATIONNAME = CongenialApps;
				TargetAttributes = {
					88145CB1190DB60A00780BB1 = {
						TestTargetID = 88145C91190DB60A00780BB1;
					};
				};
			};
			buildConfigurationList = 88145C8D190DB60A00780BB1 /* Build configuration list for PBXProject "FindMolarMass" */;
			compatibilityVersion = "Xcode 3.2";
			developmentRegion = English;
			hasScannedForEncodings = 0;
			knownRegions = (
				en,
			);
			mainGroup = 88145C89190DB60A00780BB1;
			productRefGroup = 88145C93190DB60A00780BB1 /* Products */;
			projectDirPath = "";
			projectRoot = "";
			targets = (
				88145C91190DB60A00780BB1 /* FindMolarMass */,
				88145CB1190DB60A00780BB1 /* FindMolarMassTests */,
			);
		};
/* End PBXProject section */

/* Begin PBXResourcesBuildPhase section */
		88145C90190DB60A00780BB1 /* Resources */ = {
			isa = PBXResourcesBuildPhase;
			buildActionMask = 2147483647;
			files = (
				88145CA2190DB60A00780BB1 /* InfoPlist.strings in Resources */,
				88145CAD190DB60A00780BB1 /* Images.xcassets in Resources */,
				88145CCB190DB65200780BB1 /* Storyboard.storyboard in Resources */,
			);
			runOnlyForDeploymentPostprocessing = 0;
		};
		88145CB0190DB60A00780BB1 /* Resources */ = {
			isa = PBXResourcesBuildPhase;
			buildActionMask = 2147483647;
			files = (
				88145CBF190DB60A00780BB1 /* InfoPlist.strings in Resources */,
			);
			runOnlyForDeploymentPostprocessing = 0;
		};
/* End PBXResourcesBuildPhase section */

/* Begin PBXSourcesBuildPhase section */
		88145C8E190DB60A00780BB1 /* Sources */ = {
			isa = PBXSourcesBuildPhase;
			buildActionMask = 2147483647;
			files = (
				88145CCE190DB68100780BB1 /* ElementsTableViewController.m in Sources */,
				88145CA8190DB60A00780BB1 /* AppDelegate.m in Sources */,
				88145CAB190DB60A00780BB1 /* FindMolarMass.xcdatamodeld in Sources */,
				88145CA4190DB60A00780BB1 /* main.m in Sources */,
			);
			runOnlyForDeploymentPostprocessing = 0;
		};
		88145CAE190DB60A00780BB1 /* Sources */ = {
			isa = PBXSourcesBuildPhase;
			buildActionMask = 2147483647;
			files = (
				88145CC1190DB60A00780BB1 /* FindMolarMassTests.m in Sources */,
			);
			runOnlyForDeploymentPostprocessing = 0;
		};
/* End PBXSourcesBuildPhase section */

/* Begin PBXTargetDependency section */
		88145CB9190DB60A00780BB1 /* PBXTargetDependency */ = {
			isa = PBXTargetDependency;
			target = 88145C91190DB60A00780BB1 /* FindMolarMass */;
			targetProxy = 88145CB8190DB60A00780BB1 /* PBXContainerItemProxy */;
		};
/* End PBXTargetDependency section */

/* Begin PBXVariantGroup section */
		88145CA0190DB60A00780BB1 /* InfoPlist.strings */ = {
			isa = PBXVariantGroup;
			children = (
				88145CA1190DB60A00780BB1 /* en */,
			);
			name = InfoPlist.strings;
			sourceTree = "<group>";
		};
		88145CBD190DB60A00780BB1 /* InfoPlist.strings */ = {
			isa = PBXVariantGroup;
			children = (
				88145CBE190DB60A00780BB1 /* en */,
			);
			name = InfoPlist.strings;
			sourceTree = "<group>";
		};
/* End PBXVariantGroup section */

/* Begin XCBuildConfiguration section */
		88145CC2190DB60A00780BB1 /* Debug */ = {
			isa = XCBuildConfiguration;
			buildSettings = {
				ALWAYS_SEARCH_USER_PATHS = NO;
				CLANG_CXX_LANGUAGE_STANDARD = "gnu++0x";
				CLANG_CXX_LIBRARY = "libc++";
				CLANG_ENABLE_MODULES = YES;
				CLANG_ENABLE_OBJC_ARC = YES;
				CLANG_WARN_BOOL_CONVERSION = YES;
				CLANG_WARN_CONSTANT_CONVERSION = YES;
				CLANG_WARN_DIRECT_OBJC_ISA_USAGE = YES_ERROR;
				CLANG_WARN_EMPTY_BODY = YES;
				CLANG_WARN_ENUM_CONVERSION = YES;
				CLANG_WARN_INT_CONVERSION = YES;
				CLANG_WARN_OBJC_ROOT_CLASS = YES_ERROR;
				CLANG_WARN__DUPLICATE_METHOD_MATCH = YES;
				"CODE_SIGN_IDENTITY[sdk=iphoneos*]" = "iPhone Developer";
				COPY_PHASE_STRIP = NO;
				GCC_C_LANGUAGE_STANDARD = gnu99;
				GCC_DYNAMIC_NO_PIC = NO;
				GCC_OPTIMIZATION_LEVEL = 0;
				GCC_PREPROCESSOR_DEFINITIONS = (
					"DEBUG=1",
					"$(inherited)",
				);
				GCC_SYMBOLS_PRIVATE_EXTERN = NO;
				GCC_WARN_64_TO_32_BIT_CONVERSION = YES;
				GCC_WARN_ABOUT_RETURN_TYPE = YES_ERROR;
				GCC_WARN_UNDECLARED_SELECTOR = YES;
				GCC_WARN_UNINITIALIZED_AUTOS = YES_AGGRESSIVE;
				GCC_WARN_UNUSED_FUNCTION = YES;
				GCC_WARN_UNUSED_VARIABLE = YES;
				IPHONEOS_DEPLOYMENT_TARGET = 7.1;
				ONLY_ACTIVE_ARCH = YES;
				SDKROOT = iphoneos;
				TARGETED_DEVICE_FAMILY = "1,2";
			};
			name = Debug;
		};
		88145CC3190DB60A00780BB1 /* Release */ = {
			isa = XCBuildConfiguration;
			buildSettings = {
				ALWAYS_SEARCH_USER_PATHS = NO;
				CLANG_CXX_LANGUAGE_STANDARD = "gnu++0x";
				CLANG_CXX_LIBRARY = "libc++";
				CLANG_ENABLE_MODULES = YES;
				CLANG_ENABLE_OBJC_ARC = YES;
				CLANG_WARN_BOOL_CONVERSION = YES;
				CLANG_WARN_CONSTANT_CONVERSION = YES;
				CLANG_WARN_DIRECT_OBJC_ISA_USAGE = YES_ERROR;
				CLANG_WARN_EMPTY_BODY = YES;
				CLANG_WARN_ENUM_CONVERSION = YES;
				CLANG_WARN_INT_CONVERSION = YES;
				CLANG_WARN_OBJC_ROOT_CLASS = YES_ERROR;
				CLANG_WARN__DUPLICATE_METHOD_MATCH = YES;
				"CODE_SIGN_IDENTITY[sdk=iphoneos*]" = "iPhone Developer";
				COPY_PHASE_STRIP = YES;
				ENABLE_NS_ASSERTIONS = NO;
				GCC_C_LANGUAGE_STANDARD = gnu99;
				GCC_WARN_64_TO_32_BIT_CONVERSION = YES;
				GCC_WARN_ABOUT_RETURN_TYPE = YES_ERROR;
				GCC_WARN_UNDECLARED_SELECTOR = YES;
				GCC_WARN_UNINITIALIZED_AUTOS = YES_AGGRESSIVE;
				GCC_WARN_UNUSED_FUNCTION = YES;
				GCC_WARN_UNUSED_VARIABLE = YES;
				IPHONEOS_DEPLOYMENT_TARGET = 7.1;
				SDKROOT = iphoneos;
				TARGETED_DEVICE_FAMILY = "1,2";
				VALIDATE_PRODUCT = YES;
			};
			name = Release;
		};
		88145CC5190DB60A00780BB1 /* Debug */ = {
			isa = XCBuildConfiguration;
			buildSettings = {
				ASSETCATALOG_COMPILER_APPICON_NAME = AppIcon;
				ASSETCATALOG_COMPILER_LAUNCHIMAGE_NAME = LaunchImage;
				GCC_PRECOMPILE_PREFIX_HEADER = YES;
				GCC_PREFIX_HEADER = "FindMolarMass/FindMolarMass-Prefix.pch";
				INFOPLIST_FILE = "FindMolarMass/FindMolarMass-Info.plist";
				PRODUCT_NAME = "$(TARGET_NAME)";
				WRAPPER_EXTENSION = app;
			};
			name = Debug;
		};
		88145CC6190DB60A00780BB1 /* Release */ = {
			isa = XCBuildConfiguration;
			buildSettings = {
				ASSETCATALOG_COMPILER_APPICON_NAME = AppIcon;
				ASSETCATALOG_COMPILER_LAUNCHIMAGE_NAME = LaunchImage;
				GCC_PRECOMPILE_PREFIX_HEADER = YES;
				GCC_PREFIX_HEADER = "FindMolarMass/FindMolarMass-Prefix.pch";
				INFOPLIST_FILE = "FindMolarMass/FindMolarMass-Info.plist";
				PRODUCT_NAME = "$(TARGET_NAME)";
				WRAPPER_EXTENSION = app;
			};
			name = Release;
		};
		88145CC8190DB60A00780BB1 /* Debug */ = {
			isa = XCBuildConfiguration;
			buildSettings = {
				BUNDLE_LOADER = "$(BUILT_PRODUCTS_DIR)/FindMolarMass.app/FindMolarMass";
				FRAMEWORK_SEARCH_PATHS = (
					"$(SDKROOT)/Developer/Library/Frameworks",
					"$(inherited)",
					"$(DEVELOPER_FRAMEWORKS_DIR)",
				);
				GCC_PRECOMPILE_PREFIX_HEADER = YES;
				GCC_PREFIX_HEADER = "FindMolarMass/FindMolarMass-Prefix.pch";
				GCC_PREPROCESSOR_DEFINITIONS = (
					"DEBUG=1",
					"$(inherited)",
				);
				INFOPLIST_FILE = "FindMolarMassTests/FindMolarMassTests-Info.plist";
				PRODUCT_NAME = "$(TARGET_NAME)";
				TEST_HOST = "$(BUNDLE_LOADER)";
				WRAPPER_EXTENSION = xctest;
			};
			name = Debug;
		};
		88145CC9190DB60A00780BB1 /* Release */ = {
			isa = XCBuildConfiguration;
			buildSettings = {
				BUNDLE_LOADER = "$(BUILT_PRODUCTS_DIR)/FindMolarMass.app/FindMolarMass";
				FRAMEWORK_SEARCH_PATHS = (
					"$(SDKROOT)/Developer/Library/Frameworks",
					"$(inherited)",
					"$(DEVELOPER_FRAMEWORKS_DIR)",
				);
				GCC_PRECOMPILE_PREFIX_HEADER = YES;
				GCC_PREFIX_HEADER = "FindMolarMass/FindMolarMass-Prefix.pch";
				INFOPLIST_FILE = "FindMolarMassTests/FindMolarMassTests-Info.plist";
				PRODUCT_NAME = "$(TARGET_NAME)";
				TEST_HOST = "$(BUNDLE_LOADER)";
				WRAPPER_EXTENSION = xctest;
			};
			name = Release;
		};
/* End XCBuildConfiguration section */

/* Begin XCConfigurationList section */
		88145C8D190DB60A00780BB1 /* Build configuration list for PBXProject "FindMolarMass" */ = {
			isa = XCConfigurationList;
			buildConfigurations = (
				88145CC2190DB60A00780BB1 /* Debug */,
				88145CC3190DB60A00780BB1 /* Release */,
			);
			defaultConfigurationIsVisible = 0;
			defaultConfigurationName = Release;
		};
		88145CC4190DB60A00780BB1 /* Build configuration list for PBXNativeTarget "FindMolarMass" */ = {
			isa = XCConfigurationList;
			buildConfigurations = (
				88145CC5190DB60A00780BB1 /* Debug */,
				88145CC6190DB60A00780BB1 /* Release */,
			);
			defaultConfigurationIsVisible = 0;
		};
		88145CC7190DB60A00780BB1 /* Build configuration list for PBXNativeTarget "FindMolarMassTests" */ = {
			isa = XCConfigurationList;
			buildConfigurations = (
				88145CC8190DB60A00780BB1 /* Debug */,
				88145CC9190DB60A00780BB1 /* Release */,
			);
			defaultConfigurationIsVisible = 0;
		};
/* End XCConfigurationList section */

/* Begin XCVersionGroup section */
		88145CA9190DB60A00780BB1 /* FindMolarMass.xcdatamodeld */ = {
			isa = XCVersionGroup;
			children = (
				88145CAA190DB60A00780BB1 /* FindMolarMass.xcdatamodel */,
			);
			currentVersion = 88145CAA190DB60A00780BB1 /* FindMolarMass.xcdatamodel */;
			path = FindMolarMass.xcdatamodeld;
			sourceTree = "<group>";
			versionGroupType = wrapper.xcdatamodel;
		};
/* End XCVersionGroup section */
	};
	rootObject = 88145C8A190DB60A00780BB1 /* Project object */;
}
